
Microsoft Visual Studio Solution File, Format Version 12.00
# Visual Studio Version 17
VisualStudioVersion = 17.12.35707.178
MinimumVisualStudioVersion = 10.0.40219.1
Project("{FAE04EC0-301F-11D3-BF4B-00C04F79EFBC}") = "Movie_Streaming_App", "Movie_Streaming_App\Movie_Streaming_App.csproj", "{98ACBCD1-7100-4327-AED0-A25B91A8711C}"
EndProject
Project("{FAE04EC0-301F-11D3-BF4B-00C04F79EFBC}") = "DAL", "DAL\DAL.csproj", "{E6A98F29-0632-459A-88EE-52CE23AA3C62}"
EndProject
Project("{FAE04EC0-301F-11D3-BF4B-00C04F79EFBC}") = "BLL", "BLL\BLL.csproj", "{DE1CF70A-1C30-4791-881E-590FBA7FC828}"
EndProject
Global
	GlobalSection(SolutionConfigurationPlatforms) = preSolution
		Debug|Any CPU = Debug|Any CPU
		Release|Any CPU = Release|Any CPU
	EndGlobalSection
	GlobalSection(ProjectConfigurationPlatforms) = postSolution
		{98ACBCD1-7100-4327-AED0-A25B91A8711C}.Debug|Any CPU.ActiveCfg = Debug|Any CPU
		{98ACBCD1-7100-4327-AED0-A25B91A8711C}.Debug|Any CPU.Build.0 = Debug|Any CPU
		{98ACBCD1-7100-4327-AED0-A25B91A8711C}.Release|Any CPU.ActiveCfg = Release|Any CPU
		{98ACBCD1-7100-4327-AED0-A25B91A8711C}.Release|Any CPU.Build.0 = Release|Any CPU
		{E6A98F29-0632-459A-88EE-52CE23AA3C62}.Debug|Any CPU.ActiveCfg = Debug|Any CPU
		{E6A98F29-0632-459A-88EE-52CE23AA3C62}.Debug|Any CPU.Build.0 = Debug|Any CPU
		{E6A98F29-0632-459A-88EE-52CE23AA3C62}.Release|Any CPU.ActiveCfg = Release|Any CPU
		{E6A98F29-0632-459A-88EE-52CE23AA3C62}.Release|Any CPU.Build.0 = Release|Any CPU
		{DE1CF70A-1C30-4791-881E-590FBA7FC828}.Debug|Any CPU.ActiveCfg = Debug|Any CPU
		{DE1CF70A-1C30-4791-881E-590FBA7FC828}.Debug|Any CPU.Build.0 = Debug|Any CPU
		{DE1CF70A-1C30-4791-881E-590FBA7FC828}.Release|Any CPU.ActiveCfg = Release|Any CPU
		{DE1CF70A-1C30-4791-881E-590FBA7FC828}.Release|Any CPU.Build.0 = Release|Any CPU
	EndGlobalSection
	GlobalSection(SolutionProperties) = preSolution
		HideSolutionNode = FALSE
	EndGlobalSection
EndGlobal
