
Microsoft Visual Studio Solution File, Format Version 12.00
# Visual Studio Version 17
VisualStudioVersion = 17.12.35707.178 d17.12
MinimumVisualStudioVersion = 10.0.40219.1
Project("{FAE04EC0-301F-11D3-BF4B-00C04F79EFBC}") = "Movie_Streaming_App", "Movie_Streaming_App\Movie_Streaming_App.csproj", "{98ACBCD1-7100-4327-AED0-A25B91A8711C}"
EndProject
Global
	GlobalSection(SolutionConfigurationPlatforms) = preSolution
		Debug|Any CPU = Debug|Any CPU
		Release|Any CPU = Release|Any CPU
	EndGlobalSection
	GlobalSection(ProjectConfigurationPlatforms) = postSolution
		{98ACBCD1-7100-4327-AED0-A25B91A8711C}.Debug|Any CPU.ActiveCfg = Debug|Any CPU
		{98ACBCD1-7100-4327-AED0-A25B91A8711C}.Debug|Any CPU.Build.0 = Debug|Any CPU
		{98ACBCD1-7100-4327-AED0-A25B91A8711C}.Release|Any CPU.ActiveCfg = Release|Any CPU
		{98ACBCD1-7100-4327-AED0-A25B91A8711C}.Release|Any CPU.Build.0 = Release|Any CPU
	EndGlobalSection
	GlobalSection(SolutionProperties) = preSolution
		HideSolutionNode = FALSE
	EndGlobalSection
EndGlobal
